
Microsoft Visual Studio Solution File, Format Version 12.00
# Visual Studio Version 16
VisualStudioVersion = 16.0.34601.136
MinimumVisualStudioVersion = 10.0.40219.1
Project("{FAE04EC0-301F-11D3-BF4B-00C04F79EFBC}") = "LevelEditor", "LevelEditor\LevelEditor.csproj", "{0103CB12-712E-42BB-A3D7-4B36A7AC9549}"
EndProject
Global
	GlobalSection(SolutionConfigurationPlatforms) = preSolution
		Debug|Any CPU = Debug|Any CPU
		Release|Any CPU = Release|Any CPU
	EndGlobalSection
	GlobalSection(ProjectConfigurationPlatforms) = postSolution
		{0103CB12-712E-42BB-A3D7-4B36A7AC9549}.Debug|Any CPU.ActiveCfg = Debug|Any CPU
		{0103CB12-712E-42BB-A3D7-4B36A7AC9549}.Debug|Any CPU.Build.0 = Debug|Any CPU
		{0103CB12-712E-42BB-A3D7-4B36A7AC9549}.Release|Any CPU.ActiveCfg = Release|Any CPU
		{0103CB12-712E-42BB-A3D7-4B36A7AC9549}.Release|Any CPU.Build.0 = Release|Any CPU
	EndGlobalSection
	GlobalSection(SolutionProperties) = preSolution
		HideSolutionNode = FALSE
	EndGlobalSection
	GlobalSection(ExtensibilityGlobals) = postSolution
		SolutionGuid = {678CCB83-445E-4D6A-9CE8-5F6A5667DD4D}
	EndGlobalSection
EndGlobal
